// !$*UTF8*$!
{
	archiveVersion = 1;
	classes = {
	};
	objectVersion = 56;
	objects = {

/* Begin PBXBuildFile section */
		8093595029C268250085642E /* AppDelegate.swift in Sources */ = {isa = PBXBuildFile; fileRef = 8093594F29C268250085642E /* AppDelegate.swift */; };
		8093595229C268250085642E /* SceneDelegate.swift in Sources */ = {isa = PBXBuildFile; fileRef = 8093595129C268250085642E /* SceneDelegate.swift */; };
		8093595429C268250085642E /* ViewController.swift in Sources */ = {isa = PBXBuildFile; fileRef = 8093595329C268250085642E /* ViewController.swift */; };
		8093595729C268250085642E /* Main.storyboard in Resources */ = {isa = PBXBuildFile; fileRef = 8093595529C268250085642E /* Main.storyboard */; };
		8093595929C268250085642E /* Assets.xcassets in Resources */ = {isa = PBXBuildFile; fileRef = 8093595829C268250085642E /* Assets.xcassets */; };
		8093595C29C268250085642E /* LaunchScreen.storyboard in Resources */ = {isa = PBXBuildFile; fileRef = 8093595A29C268250085642E /* LaunchScreen.storyboard */; };
		8093596729C268260085642E /* DutyPharmaciesTests.swift in Sources */ = {isa = PBXBuildFile; fileRef = 8093596629C268260085642E /* DutyPharmaciesTests.swift */; };
		8093597129C268260085642E /* DutyPharmaciesUITests.swift in Sources */ = {isa = PBXBuildFile; fileRef = 8093597029C268260085642E /* DutyPharmaciesUITests.swift */; };
		8093597329C268260085642E /* DutyPharmaciesUITestsLaunchTests.swift in Sources */ = {isa = PBXBuildFile; fileRef = 8093597229C268260085642E /* DutyPharmaciesUITestsLaunchTests.swift */; };
		8093598D29C269040085642E /* FMDatabaseQueue.m in Sources */ = {isa = PBXBuildFile; fileRef = 8093598229C269030085642E /* FMDatabaseQueue.m */; };
		8093598E29C269040085642E /* FMDatabase.m in Sources */ = {isa = PBXBuildFile; fileRef = 8093598429C269030085642E /* FMDatabase.m */; };
		8093598F29C269040085642E /* FMDatabaseAdditions.m in Sources */ = {isa = PBXBuildFile; fileRef = 8093598629C269030085642E /* FMDatabaseAdditions.m */; };
		8093599029C269040085642E /* FMDatabasePool.m in Sources */ = {isa = PBXBuildFile; fileRef = 8093598829C269040085642E /* FMDatabasePool.m */; };
		8093599129C269040085642E /* FMResultSet.m in Sources */ = {isa = PBXBuildFile; fileRef = 8093598A29C269040085642E /* FMResultSet.m */; };
		8093599529C269980085642E /* libsqlite3.0.tbd in Frameworks */ = {isa = PBXBuildFile; fileRef = 8093598029C268F20085642E /* libsqlite3.0.tbd */; };
		8093599829C269DE0085642E /* Sehirlerdao.swift in Sources */ = {isa = PBXBuildFile; fileRef = 8093599729C269DE0085642E /* Sehirlerdao.swift */; };
		8093599A29C26A600085642E /* SQLService.swift in Sources */ = {isa = PBXBuildFile; fileRef = 8093599929C26A600085642E /* SQLService.swift */; };
		809359A029C26A960085642E /* APIManager.swift in Sources */ = {isa = PBXBuildFile; fileRef = 8093599F29C26A960085642E /* APIManager.swift */; };
		809359A229C26AA50085642E /* ProvinceModel.swift in Sources */ = {isa = PBXBuildFile; fileRef = 809359A129C26AA50085642E /* ProvinceModel.swift */; };
		809359A429C26ABF0085642E /* PharmacyModel.swift in Sources */ = {isa = PBXBuildFile; fileRef = 809359A329C26ABF0085642E /* PharmacyModel.swift */; };
		809359A929C272480085642E /* ProvincesViewModel.swift in Sources */ = {isa = PBXBuildFile; fileRef = 809359A829C272480085642E /* ProvincesViewModel.swift */; };
		809359AB29C272940085642E /* ProvinceProtocols.swift in Sources */ = {isa = PBXBuildFile; fileRef = 809359AA29C272940085642E /* ProvinceProtocols.swift */; };
		809359AE29C27FC20085642E /* PharmaciesViewModel.swift in Sources */ = {isa = PBXBuildFile; fileRef = 809359AD29C27FC20085642E /* PharmaciesViewModel.swift */; };
		809359B029C280C20085642E /* PharmacyListView.swift in Sources */ = {isa = PBXBuildFile; fileRef = 809359AF29C280C20085642E /* PharmacyListView.swift */; };
		809359B229C280E60085642E /* PharmacyCell.swift in Sources */ = {isa = PBXBuildFile; fileRef = 809359B129C280E60085642E /* PharmacyCell.swift */; };
/* End PBXBuildFile section */

/* Begin PBXContainerItemProxy section */
		8093596329C268260085642E /* PBXContainerItemProxy */ = {
			isa = PBXContainerItemProxy;
			containerPortal = 8093594429C268250085642E /* Project object */;
			proxyType = 1;
			remoteGlobalIDString = 8093594B29C268250085642E;
			remoteInfo = DutyPharmacies;
		};
		8093596D29C268260085642E /* PBXContainerItemProxy */ = {
			isa = PBXContainerItemProxy;
			containerPortal = 8093594429C268250085642E /* Project object */;
			proxyType = 1;
			remoteGlobalIDString = 8093594B29C268250085642E;
			remoteInfo = DutyPharmacies;
		};
/* End PBXContainerItemProxy section */

/* Begin PBXFileReference section */
		8093594C29C268250085642E /* DutyPharmacies.app */ = {isa = PBXFileReference; explicitFileType = wrapper.application; includeInIndex = 0; path = DutyPharmacies.app; sourceTree = BUILT_PRODUCTS_DIR; };
		8093594F29C268250085642E /* AppDelegate.swift */ = {isa = PBXFileReference; lastKnownFileType = sourcecode.swift; path = AppDelegate.swift; sourceTree = "<group>"; };
		8093595129C268250085642E /* SceneDelegate.swift */ = {isa = PBXFileReference; lastKnownFileType = sourcecode.swift; path = SceneDelegate.swift; sourceTree = "<group>"; };
		8093595329C268250085642E /* ViewController.swift */ = {isa = PBXFileReference; lastKnownFileType = sourcecode.swift; path = ViewController.swift; sourceTree = "<group>"; };
		8093595629C268250085642E /* Base */ = {isa = PBXFileReference; lastKnownFileType = file.storyboard; name = Base; path = Base.lproj/Main.storyboard; sourceTree = "<group>"; };
		8093595829C268250085642E /* Assets.xcassets */ = {isa = PBXFileReference; lastKnownFileType = folder.assetcatalog; path = Assets.xcassets; sourceTree = "<group>"; };
		8093595B29C268250085642E /* Base */ = {isa = PBXFileReference; lastKnownFileType = file.storyboard; name = Base; path = Base.lproj/LaunchScreen.storyboard; sourceTree = "<group>"; };
		8093595D29C268250085642E /* Info.plist */ = {isa = PBXFileReference; lastKnownFileType = text.plist.xml; path = Info.plist; sourceTree = "<group>"; };
		8093596229C268260085642E /* DutyPharmaciesTests.xctest */ = {isa = PBXFileReference; explicitFileType = wrapper.cfbundle; includeInIndex = 0; path = DutyPharmaciesTests.xctest; sourceTree = BUILT_PRODUCTS_DIR; };
		8093596629C268260085642E /* DutyPharmaciesTests.swift */ = {isa = PBXFileReference; lastKnownFileType = sourcecode.swift; path = DutyPharmaciesTests.swift; sourceTree = "<group>"; };
		8093596C29C268260085642E /* DutyPharmaciesUITests.xctest */ = {isa = PBXFileReference; explicitFileType = wrapper.cfbundle; includeInIndex = 0; path = DutyPharmaciesUITests.xctest; sourceTree = BUILT_PRODUCTS_DIR; };
		8093597029C268260085642E /* DutyPharmaciesUITests.swift */ = {isa = PBXFileReference; lastKnownFileType = sourcecode.swift; path = DutyPharmaciesUITests.swift; sourceTree = "<group>"; };
		8093597229C268260085642E /* DutyPharmaciesUITestsLaunchTests.swift */ = {isa = PBXFileReference; lastKnownFileType = sourcecode.swift; path = DutyPharmaciesUITestsLaunchTests.swift; sourceTree = "<group>"; };
		8093598029C268F20085642E /* libsqlite3.0.tbd */ = {isa = PBXFileReference; lastKnownFileType = "sourcecode.text-based-dylib-definition"; name = libsqlite3.0.tbd; path = usr/lib/libsqlite3.0.tbd; sourceTree = SDKROOT; };
		8093598129C269020085642E /* DutyPharmacies-Bridging-Header.h */ = {isa = PBXFileReference; lastKnownFileType = sourcecode.c.h; path = "DutyPharmacies-Bridging-Header.h"; sourceTree = "<group>"; };
		8093598229C269030085642E /* FMDatabaseQueue.m */ = {isa = PBXFileReference; fileEncoding = 4; lastKnownFileType = sourcecode.c.objc; path = FMDatabaseQueue.m; sourceTree = "<group>"; };
		8093598329C269030085642E /* FMResultSet.h */ = {isa = PBXFileReference; fileEncoding = 4; lastKnownFileType = sourcecode.c.h; path = FMResultSet.h; sourceTree = "<group>"; };
		8093598429C269030085642E /* FMDatabase.m */ = {isa = PBXFileReference; fileEncoding = 4; lastKnownFileType = sourcecode.c.objc; path = FMDatabase.m; sourceTree = "<group>"; };
		8093598529C269030085642E /* FMDatabaseAdditions.h */ = {isa = PBXFileReference; fileEncoding = 4; lastKnownFileType = sourcecode.c.h; path = FMDatabaseAdditions.h; sourceTree = "<group>"; };
		8093598629C269030085642E /* FMDatabaseAdditions.m */ = {isa = PBXFileReference; fileEncoding = 4; lastKnownFileType = sourcecode.c.objc; path = FMDatabaseAdditions.m; sourceTree = "<group>"; };
		8093598729C269040085642E /* FMDatabaseQueue.h */ = {isa = PBXFileReference; fileEncoding = 4; lastKnownFileType = sourcecode.c.h; path = FMDatabaseQueue.h; sourceTree = "<group>"; };
		8093598829C269040085642E /* FMDatabasePool.m */ = {isa = PBXFileReference; fileEncoding = 4; lastKnownFileType = sourcecode.c.objc; path = FMDatabasePool.m; sourceTree = "<group>"; };
		8093598929C269040085642E /* FMDB.h */ = {isa = PBXFileReference; fileEncoding = 4; lastKnownFileType = sourcecode.c.h; path = FMDB.h; sourceTree = "<group>"; };
		8093598A29C269040085642E /* FMResultSet.m */ = {isa = PBXFileReference; fileEncoding = 4; lastKnownFileType = sourcecode.c.objc; path = FMResultSet.m; sourceTree = "<group>"; };
		8093598B29C269040085642E /* FMDatabasePool.h */ = {isa = PBXFileReference; fileEncoding = 4; lastKnownFileType = sourcecode.c.h; path = FMDatabasePool.h; sourceTree = "<group>"; };
		8093598C29C269040085642E /* FMDatabase.h */ = {isa = PBXFileReference; fileEncoding = 4; lastKnownFileType = sourcecode.c.h; path = FMDatabase.h; sourceTree = "<group>"; };
		8093599729C269DE0085642E /* Sehirlerdao.swift */ = {isa = PBXFileReference; lastKnownFileType = sourcecode.swift; path = Sehirlerdao.swift; sourceTree = "<group>"; };
		8093599929C26A600085642E /* SQLService.swift */ = {isa = PBXFileReference; lastKnownFileType = sourcecode.swift; path = SQLService.swift; sourceTree = "<group>"; };
		8093599F29C26A960085642E /* APIManager.swift */ = {isa = PBXFileReference; lastKnownFileType = sourcecode.swift; path = APIManager.swift; sourceTree = "<group>"; };
		809359A129C26AA50085642E /* ProvinceModel.swift */ = {isa = PBXFileReference; lastKnownFileType = sourcecode.swift; path = ProvinceModel.swift; sourceTree = "<group>"; };
		809359A329C26ABF0085642E /* PharmacyModel.swift */ = {isa = PBXFileReference; lastKnownFileType = sourcecode.swift; path = PharmacyModel.swift; sourceTree = "<group>"; };
		809359A629C26C270085642E /* illerDeprem.db */ = {isa = PBXFileReference; lastKnownFileType = file; path = illerDeprem.db; sourceTree = "<group>"; };
		809359A829C272480085642E /* ProvincesViewModel.swift */ = {isa = PBXFileReference; lastKnownFileType = sourcecode.swift; path = ProvincesViewModel.swift; sourceTree = "<group>"; };
		809359AA29C272940085642E /* ProvinceProtocols.swift */ = {isa = PBXFileReference; lastKnownFileType = sourcecode.swift; path = ProvinceProtocols.swift; sourceTree = "<group>"; };
		809359AD29C27FC20085642E /* PharmaciesViewModel.swift */ = {isa = PBXFileReference; lastKnownFileType = sourcecode.swift; path = PharmaciesViewModel.swift; sourceTree = "<group>"; };
		809359AF29C280C20085642E /* PharmacyListView.swift */ = {isa = PBXFileReference; lastKnownFileType = sourcecode.swift; path = PharmacyListView.swift; sourceTree = "<group>"; };
		809359B129C280E60085642E /* PharmacyCell.swift */ = {isa = PBXFileReference; lastKnownFileType = sourcecode.swift; path = PharmacyCell.swift; sourceTree = "<group>"; };
/* End PBXFileReference section */

/* Begin PBXFrameworksBuildPhase section */
		8093594929C268250085642E /* Frameworks */ = {
			isa = PBXFrameworksBuildPhase;
			buildActionMask = 2147483647;
			files = (
				8093599529C269980085642E /* libsqlite3.0.tbd in Frameworks */,
			);
			runOnlyForDeploymentPostprocessing = 0;
		};
		8093595F29C268260085642E /* Frameworks */ = {
			isa = PBXFrameworksBuildPhase;
			buildActionMask = 2147483647;
			files = (
			);
			runOnlyForDeploymentPostprocessing = 0;
		};
		8093596929C268260085642E /* Frameworks */ = {
			isa = PBXFrameworksBuildPhase;
			buildActionMask = 2147483647;
			files = (
			);
			runOnlyForDeploymentPostprocessing = 0;
		};
/* End PBXFrameworksBuildPhase section */

/* Begin PBXGroup section */
		8093594329C268250085642E = {
			isa = PBXGroup;
			children = (
				8093594E29C268250085642E /* DutyPharmacies */,
				8093596529C268260085642E /* DutyPharmaciesTests */,
				8093596F29C268260085642E /* DutyPharmaciesUITests */,
				8093594D29C268250085642E /* Products */,
				8093597F29C268F20085642E /* Frameworks */,
			);
			sourceTree = "<group>";
		};
		8093594D29C268250085642E /* Products */ = {
			isa = PBXGroup;
			children = (
				8093594C29C268250085642E /* DutyPharmacies.app */,
				8093596229C268260085642E /* DutyPharmaciesTests.xctest */,
				8093596C29C268260085642E /* DutyPharmaciesUITests.xctest */,
			);
			name = Products;
			sourceTree = "<group>";
		};
		8093594E29C268250085642E /* DutyPharmacies */ = {
			isa = PBXGroup;
			children = (
				809359AA29C272940085642E /* ProvinceProtocols.swift */,
				809359A529C26C0E0085642E /* SQLFiles */,
				8093599E29C26A790085642E /* Services */,
				8093599D29C26A760085642E /* ViewModel */,
				8093599C29C26A740085642E /* View */,
				8093599B29C26A710085642E /* Model */,
				8093594F29C268250085642E /* AppDelegate.swift */,
				8093595129C268250085642E /* SceneDelegate.swift */,
				8093595829C268250085642E /* Assets.xcassets */,
				8093595529C268250085642E /* Main.storyboard */,
				8093595A29C268250085642E /* LaunchScreen.storyboard */,
				8093595D29C268250085642E /* Info.plist */,
				8093598129C269020085642E /* DutyPharmacies-Bridging-Header.h */,
			);
			path = DutyPharmacies;
			sourceTree = "<group>";
		};
		8093596529C268260085642E /* DutyPharmaciesTests */ = {
			isa = PBXGroup;
			children = (
				8093596629C268260085642E /* DutyPharmaciesTests.swift */,
			);
			path = DutyPharmaciesTests;
			sourceTree = "<group>";
		};
		8093596F29C268260085642E /* DutyPharmaciesUITests */ = {
			isa = PBXGroup;
			children = (
				8093597029C268260085642E /* DutyPharmaciesUITests.swift */,
				8093597229C268260085642E /* DutyPharmaciesUITestsLaunchTests.swift */,
			);
			path = DutyPharmaciesUITests;
			sourceTree = "<group>";
		};
		8093597F29C268F20085642E /* Frameworks */ = {
			isa = PBXGroup;
			children = (
				8093598029C268F20085642E /* libsqlite3.0.tbd */,
			);
			name = Frameworks;
			sourceTree = "<group>";
		};
		8093599B29C26A710085642E /* Model */ = {
			isa = PBXGroup;
			children = (
				809359A129C26AA50085642E /* ProvinceModel.swift */,
				809359A329C26ABF0085642E /* PharmacyModel.swift */,
			);
			path = Model;
			sourceTree = "<group>";
		};
		8093599C29C26A740085642E /* View */ = {
			isa = PBXGroup;
			children = (
				8093595329C268250085642E /* ViewController.swift */,
				809359AF29C280C20085642E /* PharmacyListView.swift */,
				809359B129C280E60085642E /* PharmacyCell.swift */,
			);
			path = View;
			sourceTree = "<group>";
		};
		8093599D29C26A760085642E /* ViewModel */ = {
			isa = PBXGroup;
			children = (
				809359A829C272480085642E /* ProvincesViewModel.swift */,
				809359AD29C27FC20085642E /* PharmaciesViewModel.swift */,
			);
			path = ViewModel;
			sourceTree = "<group>";
		};
		8093599E29C26A790085642E /* Services */ = {
			isa = PBXGroup;
			children = (
				8093599729C269DE0085642E /* Sehirlerdao.swift */,
				8093599929C26A600085642E /* SQLService.swift */,
				8093599F29C26A960085642E /* APIManager.swift */,
			);
			path = Services;
			sourceTree = "<group>";
		};
		809359A529C26C0E0085642E /* SQLFiles */ = {
			isa = PBXGroup;
			children = (
				809359A629C26C270085642E /* illerDeprem.db */,
				8093598C29C269040085642E /* FMDatabase.h */,
				8093598429C269030085642E /* FMDatabase.m */,
				8093598529C269030085642E /* FMDatabaseAdditions.h */,
				8093598629C269030085642E /* FMDatabaseAdditions.m */,
				8093598B29C269040085642E /* FMDatabasePool.h */,
				8093598829C269040085642E /* FMDatabasePool.m */,
				8093598729C269040085642E /* FMDatabaseQueue.h */,
				8093598229C269030085642E /* FMDatabaseQueue.m */,
				8093598929C269040085642E /* FMDB.h */,
				8093598329C269030085642E /* FMResultSet.h */,
				8093598A29C269040085642E /* FMResultSet.m */,
			);
			path = SQLFiles;
			sourceTree = "<group>";
		};
/* End PBXGroup section */

/* Begin PBXNativeTarget section */
		8093594B29C268250085642E /* DutyPharmacies */ = {
			isa = PBXNativeTarget;
			buildConfigurationList = 8093597629C268260085642E /* Build configuration list for PBXNativeTarget "DutyPharmacies" */;
			buildPhases = (
				8093594829C268250085642E /* Sources */,
				8093594929C268250085642E /* Frameworks */,
				8093594A29C268250085642E /* Resources */,
			);
			buildRules = (
			);
			dependencies = (
			);
			name = DutyPharmacies;
			productName = DutyPharmacies;
			productReference = 8093594C29C268250085642E /* DutyPharmacies.app */;
			productType = "com.apple.product-type.application";
		};
		8093596129C268260085642E /* DutyPharmaciesTests */ = {
			isa = PBXNativeTarget;
			buildConfigurationList = 8093597929C268260085642E /* Build configuration list for PBXNativeTarget "DutyPharmaciesTests" */;
			buildPhases = (
				8093595E29C268260085642E /* Sources */,
				8093595F29C268260085642E /* Frameworks */,
				8093596029C268260085642E /* Resources */,
			);
			buildRules = (
			);
			dependencies = (
				8093596429C268260085642E /* PBXTargetDependency */,
			);
			name = DutyPharmaciesTests;
			productName = DutyPharmaciesTests;
			productReference = 8093596229C268260085642E /* DutyPharmaciesTests.xctest */;
			productType = "com.apple.product-type.bundle.unit-test";
		};
		8093596B29C268260085642E /* DutyPharmaciesUITests */ = {
			isa = PBXNativeTarget;
			buildConfigurationList = 8093597C29C268260085642E /* Build configuration list for PBXNativeTarget "DutyPharmaciesUITests" */;
			buildPhases = (
				8093596829C268260085642E /* Sources */,
				8093596929C268260085642E /* Frameworks */,
				8093596A29C268260085642E /* Resources */,
			);
			buildRules = (
			);
			dependencies = (
				8093596E29C268260085642E /* PBXTargetDependency */,
			);
			name = DutyPharmaciesUITests;
			productName = DutyPharmaciesUITests;
			productReference = 8093596C29C268260085642E /* DutyPharmaciesUITests.xctest */;
			productType = "com.apple.product-type.bundle.ui-testing";
		};
/* End PBXNativeTarget section */

/* Begin PBXProject section */
		8093594429C268250085642E /* Project object */ = {
			isa = PBXProject;
			attributes = {
				BuildIndependentTargetsInParallel = 1;
				LastSwiftUpdateCheck = 1420;
				LastUpgradeCheck = 1420;
				TargetAttributes = {
					8093594B29C268250085642E = {
						CreatedOnToolsVersion = 14.2;
						LastSwiftMigration = 1420;
					};
					8093596129C268260085642E = {
						CreatedOnToolsVersion = 14.2;
						TestTargetID = 8093594B29C268250085642E;
					};
					8093596B29C268260085642E = {
						CreatedOnToolsVersion = 14.2;
						TestTargetID = 8093594B29C268250085642E;
					};
				};
			};
			buildConfigurationList = 8093594729C268250085642E /* Build configuration list for PBXProject "DutyPharmacies" */;
			compatibilityVersion = "Xcode 14.0";
			developmentRegion = en;
			hasScannedForEncodings = 0;
			knownRegions = (
				en,
				Base,
			);
			mainGroup = 8093594329C268250085642E;
			productRefGroup = 8093594D29C268250085642E /* Products */;
			projectDirPath = "";
			projectRoot = "";
			targets = (
				8093594B29C268250085642E /* DutyPharmacies */,
				8093596129C268260085642E /* DutyPharmaciesTests */,
				8093596B29C268260085642E /* DutyPharmaciesUITests */,
			);
		};
/* End PBXProject section */

/* Begin PBXResourcesBuildPhase section */
		8093594A29C268250085642E /* Resources */ = {
			isa = PBXResourcesBuildPhase;
			buildActionMask = 2147483647;
			files = (
				8093595C29C268250085642E /* LaunchScreen.storyboard in Resources */,
				8093595929C268250085642E /* Assets.xcassets in Resources */,
				8093595729C268250085642E /* Main.storyboard in Resources */,
			);
			runOnlyForDeploymentPostprocessing = 0;
		};
		8093596029C268260085642E /* Resources */ = {
			isa = PBXResourcesBuildPhase;
			buildActionMask = 2147483647;
			files = (
			);
			runOnlyForDeploymentPostprocessing = 0;
		};
		8093596A29C268260085642E /* Resources */ = {
			isa = PBXResourcesBuildPhase;
			buildActionMask = 2147483647;
			files = (
			);
			runOnlyForDeploymentPostprocessing = 0;
		};
/* End PBXResourcesBuildPhase section */

/* Begin PBXSourcesBuildPhase section */
		8093594829C268250085642E /* Sources */ = {
			isa = PBXSourcesBuildPhase;
			buildActionMask = 2147483647;
			files = (
				809359AB29C272940085642E /* ProvinceProtocols.swift in Sources */,
				8093599A29C26A600085642E /* SQLService.swift in Sources */,
				8093595429C268250085642E /* ViewController.swift in Sources */,
				809359A929C272480085642E /* ProvincesViewModel.swift in Sources */,
				8093598D29C269040085642E /* FMDatabaseQueue.m in Sources */,
				809359A429C26ABF0085642E /* PharmacyModel.swift in Sources */,
				809359B029C280C20085642E /* PharmacyListView.swift in Sources */,
				8093595029C268250085642E /* AppDelegate.swift in Sources */,
				809359B229C280E60085642E /* PharmacyCell.swift in Sources */,
				809359A029C26A960085642E /* APIManager.swift in Sources */,
				8093598E29C269040085642E /* FMDatabase.m in Sources */,
				8093599029C269040085642E /* FMDatabasePool.m in Sources */,
				8093599829C269DE0085642E /* Sehirlerdao.swift in Sources */,
				8093595229C268250085642E /* SceneDelegate.swift in Sources */,
				809359A229C26AA50085642E /* ProvinceModel.swift in Sources */,
				809359AE29C27FC20085642E /* PharmaciesViewModel.swift in Sources */,
				8093599129C269040085642E /* FMResultSet.m in Sources */,
				8093598F29C269040085642E /* FMDatabaseAdditions.m in Sources */,
			);
			runOnlyForDeploymentPostprocessing = 0;
		};
		8093595E29C268260085642E /* Sources */ = {
			isa = PBXSourcesBuildPhase;
			buildActionMask = 2147483647;
			files = (
				8093596729C268260085642E /* DutyPharmaciesTests.swift in Sources */,
			);
			runOnlyForDeploymentPostprocessing = 0;
		};
		8093596829C268260085642E /* Sources */ = {
			isa = PBXSourcesBuildPhase;
			buildActionMask = 2147483647;
			files = (
				8093597129C268260085642E /* DutyPharmaciesUITests.swift in Sources */,
				8093597329C268260085642E /* DutyPharmaciesUITestsLaunchTests.swift in Sources */,
			);
			runOnlyForDeploymentPostprocessing = 0;
		};
/* End PBXSourcesBuildPhase section */

/* Begin PBXTargetDependency section */
		8093596429C268260085642E /* PBXTargetDependency */ = {
			isa = PBXTargetDependency;
			target = 8093594B29C268250085642E /* DutyPharmacies */;
			targetProxy = 8093596329C268260085642E /* PBXContainerItemProxy */;
		};
		8093596E29C268260085642E /* PBXTargetDependency */ = {
			isa = PBXTargetDependency;
			target = 8093594B29C268250085642E /* DutyPharmacies */;
			targetProxy = 8093596D29C268260085642E /* PBXContainerItemProxy */;
		};
/* End PBXTargetDependency section */

/* Begin PBXVariantGroup section */
		8093595529C268250085642E /* Main.storyboard */ = {
			isa = PBXVariantGroup;
			children = (
				8093595629C268250085642E /* Base */,
			);
			name = Main.storyboard;
			sourceTree = "<group>";
		};
		8093595A29C268250085642E /* LaunchScreen.storyboard */ = {
			isa = PBXVariantGroup;
			children = (
				8093595B29C268250085642E /* Base */,
			);
			name = LaunchScreen.storyboard;
			sourceTree = "<group>";
		};
/* End PBXVariantGroup section */

/* Begin XCBuildConfiguration section */
		8093597429C268260085642E /* Debug */ = {
			isa = XCBuildConfiguration;
			buildSettings = {
				ALWAYS_SEARCH_USER_PATHS = NO;
				CLANG_ANALYZER_NONNULL = YES;
				CLANG_ANALYZER_NUMBER_OBJECT_CONVERSION = YES_AGGRESSIVE;
				CLANG_CXX_LANGUAGE_STANDARD = "gnu++20";
				CLANG_ENABLE_MODULES = YES;
				CLANG_ENABLE_OBJC_ARC = YES;
				CLANG_ENABLE_OBJC_WEAK = YES;
				CLANG_WARN_BLOCK_CAPTURE_AUTORELEASING = YES;
				CLANG_WARN_BOOL_CONVERSION = YES;
				CLANG_WARN_COMMA = YES;
				CLANG_WARN_CONSTANT_CONVERSION = YES;
				CLANG_WARN_DEPRECATED_OBJC_IMPLEMENTATIONS = YES;
				CLANG_WARN_DIRECT_OBJC_ISA_USAGE = YES_ERROR;
				CLANG_WARN_DOCUMENTATION_COMMENTS = YES;
				CLANG_WARN_EMPTY_BODY = YES;
				CLANG_WARN_ENUM_CONVERSION = YES;
				CLANG_WARN_INFINITE_RECURSION = YES;
				CLANG_WARN_INT_CONVERSION = YES;
				CLANG_WARN_NON_LITERAL_NULL_CONVERSION = YES;
				CLANG_WARN_OBJC_IMPLICIT_RETAIN_SELF = YES;
				CLANG_WARN_OBJC_LITERAL_CONVERSION = YES;
				CLANG_WARN_OBJC_ROOT_CLASS = YES_ERROR;
				CLANG_WARN_QUOTED_INCLUDE_IN_FRAMEWORK_HEADER = YES;
				CLANG_WARN_RANGE_LOOP_ANALYSIS = YES;
				CLANG_WARN_STRICT_PROTOTYPES = YES;
				CLANG_WARN_SUSPICIOUS_MOVE = YES;
				CLANG_WARN_UNGUARDED_AVAILABILITY = YES_AGGRESSIVE;
				CLANG_WARN_UNREACHABLE_CODE = YES;
				CLANG_WARN__DUPLICATE_METHOD_MATCH = YES;
				COPY_PHASE_STRIP = NO;
				DEBUG_INFORMATION_FORMAT = dwarf;
				ENABLE_STRICT_OBJC_MSGSEND = YES;
				ENABLE_TESTABILITY = YES;
				GCC_C_LANGUAGE_STANDARD = gnu11;
				GCC_DYNAMIC_NO_PIC = NO;
				GCC_NO_COMMON_BLOCKS = YES;
				GCC_OPTIMIZATION_LEVEL = 0;
				GCC_PREPROCESSOR_DEFINITIONS = (
					"DEBUG=1",
					"$(inherited)",
				);
				GCC_WARN_64_TO_32_BIT_CONVERSION = YES;
				GCC_WARN_ABOUT_RETURN_TYPE = YES_ERROR;
				GCC_WARN_UNDECLARED_SELECTOR = YES;
				GCC_WARN_UNINITIALIZED_AUTOS = YES_AGGRESSIVE;
				GCC_WARN_UNUSED_FUNCTION = YES;
				GCC_WARN_UNUSED_VARIABLE = YES;
				IPHONEOS_DEPLOYMENT_TARGET = 16.2;
				MTL_ENABLE_DEBUG_INFO = INCLUDE_SOURCE;
				MTL_FAST_MATH = YES;
				ONLY_ACTIVE_ARCH = YES;
				SDKROOT = iphoneos;
				SWIFT_ACTIVE_COMPILATION_CONDITIONS = DEBUG;
				SWIFT_OPTIMIZATION_LEVEL = "-Onone";
			};
			name = Debug;
		};
		8093597529C268260085642E /* Release */ = {
			isa = XCBuildConfiguration;
			buildSettings = {
				ALWAYS_SEARCH_USER_PATHS = NO;
				CLANG_ANALYZER_NONNULL = YES;
				CLANG_ANALYZER_NUMBER_OBJECT_CONVERSION = YES_AGGRESSIVE;
				CLANG_CXX_LANGUAGE_STANDARD = "gnu++20";
				CLANG_ENABLE_MODULES = YES;
				CLANG_ENABLE_OBJC_ARC = YES;
				CLANG_ENABLE_OBJC_WEAK = YES;
				CLANG_WARN_BLOCK_CAPTURE_AUTORELEASING = YES;
				CLANG_WARN_BOOL_CONVERSION = YES;
				CLANG_WARN_COMMA = YES;
				CLANG_WARN_CONSTANT_CONVERSION = YES;
				CLANG_WARN_DEPRECATED_OBJC_IMPLEMENTATIONS = YES;
				CLANG_WARN_DIRECT_OBJC_ISA_USAGE = YES_ERROR;
				CLANG_WARN_DOCUMENTATION_COMMENTS = YES;
				CLANG_WARN_EMPTY_BODY = YES;
				CLANG_WARN_ENUM_CONVERSION = YES;
				CLANG_WARN_INFINITE_RECURSION = YES;
				CLANG_WARN_INT_CONVERSION = YES;
				CLANG_WARN_NON_LITERAL_NULL_CONVERSION = YES;
				CLANG_WARN_OBJC_IMPLICIT_RETAIN_SELF = YES;
				CLANG_WARN_OBJC_LITERAL_CONVERSION = YES;
				CLANG_WARN_OBJC_ROOT_CLASS = YES_ERROR;
				CLANG_WARN_QUOTED_INCLUDE_IN_FRAMEWORK_HEADER = YES;
				CLANG_WARN_RANGE_LOOP_ANALYSIS = YES;
				CLANG_WARN_STRICT_PROTOTYPES = YES;
				CLANG_WARN_SUSPICIOUS_MOVE = YES;
				CLANG_WARN_UNGUARDED_AVAILABILITY = YES_AGGRESSIVE;
				CLANG_WARN_UNREACHABLE_CODE = YES;
				CLANG_WARN__DUPLICATE_METHOD_MATCH = YES;
				COPY_PHASE_STRIP = NO;
				DEBUG_INFORMATION_FORMAT = "dwarf-with-dsym";
				ENABLE_NS_ASSERTIONS = NO;
				ENABLE_STRICT_OBJC_MSGSEND = YES;
				GCC_C_LANGUAGE_STANDARD = gnu11;
				GCC_NO_COMMON_BLOCKS = YES;
				GCC_WARN_64_TO_32_BIT_CONVERSION = YES;
				GCC_WARN_ABOUT_RETURN_TYPE = YES_ERROR;
				GCC_WARN_UNDECLARED_SELECTOR = YES;
				GCC_WARN_UNINITIALIZED_AUTOS = YES_AGGRESSIVE;
				GCC_WARN_UNUSED_FUNCTION = YES;
				GCC_WARN_UNUSED_VARIABLE = YES;
				IPHONEOS_DEPLOYMENT_TARGET = 16.2;
				MTL_ENABLE_DEBUG_INFO = NO;
				MTL_FAST_MATH = YES;
				SDKROOT = iphoneos;
				SWIFT_COMPILATION_MODE = wholemodule;
				SWIFT_OPTIMIZATION_LEVEL = "-O";
				VALIDATE_PRODUCT = YES;
			};
			name = Release;
		};
		8093597729C268260085642E /* Debug */ = {
			isa = XCBuildConfiguration;
			buildSettings = {
				ASSETCATALOG_COMPILER_APPICON_NAME = AppIcon;
				ASSETCATALOG_COMPILER_GLOBAL_ACCENT_COLOR_NAME = AccentColor;
				CLANG_ENABLE_MODULES = YES;
				CODE_SIGN_STYLE = Automatic;
				CURRENT_PROJECT_VERSION = 1;
				DEVELOPMENT_TEAM = 936XSD7LYL;
				GENERATE_INFOPLIST_FILE = YES;
				INFOPLIST_FILE = DutyPharmacies/Info.plist;
				INFOPLIST_KEY_UIApplicationSupportsIndirectInputEvents = YES;
				INFOPLIST_KEY_UILaunchStoryboardName = LaunchScreen;
				INFOPLIST_KEY_UIMainStoryboardFile = Main;
				INFOPLIST_KEY_UISupportedInterfaceOrientations_iPad = "UIInterfaceOrientationPortrait UIInterfaceOrientationPortraitUpsideDown UIInterfaceOrientationLandscapeLeft UIInterfaceOrientationLandscapeRight";
				INFOPLIST_KEY_UISupportedInterfaceOrientations_iPhone = "UIInterfaceOrientationPortrait UIInterfaceOrientationLandscapeLeft UIInterfaceOrientationLandscapeRight";
				LD_RUNPATH_SEARCH_PATHS = (
					"$(inherited)",
					"@executable_path/Frameworks",
				);
				MARKETING_VERSION = 1.0;
				PRODUCT_BUNDLE_IDENTIFIER = ibrahimmbyrrm.DutyPharmacies;
				PRODUCT_NAME = "$(TARGET_NAME)";
				SWIFT_EMIT_LOC_STRINGS = YES;
				SWIFT_OBJC_BRIDGING_HEADER = "DutyPharmacies/DutyPharmacies-Bridging-Header.h";
				SWIFT_OPTIMIZATION_LEVEL = "-Onone";
				SWIFT_VERSION = 5.0;
				TARGETED_DEVICE_FAMILY = "1,2";
			};
			name = Debug;
		};
		8093597829C268260085642E /* Release */ = {
			isa = XCBuildConfiguration;
			buildSettings = {
				ASSETCATALOG_COMPILER_APPICON_NAME = AppIcon;
				ASSETCATALOG_COMPILER_GLOBAL_ACCENT_COLOR_NAME = AccentColor;
				CLANG_ENABLE_MODULES = YES;
				CODE_SIGN_STYLE = Automatic;
				CURRENT_PROJECT_VERSION = 1;
				DEVELOPMENT_TEAM = 936XSD7LYL;
				GENERATE_INFOPLIST_FILE = YES;
				INFOPLIST_FILE = DutyPharmacies/Info.plist;
				INFOPLIST_KEY_UIApplicationSupportsIndirectInputEvents = YES;
				INFOPLIST_KEY_UILaunchStoryboardName = LaunchScreen;
				INFOPLIST_KEY_UIMainStoryboardFile = Main;
				INFOPLIST_KEY_UISupportedInterfaceOrientations_iPad = "UIInterfaceOrientationPortrait UIInterfaceOrientationPortraitUpsideDown UIInterfaceOrientationLandscapeLeft UIInterfaceOrientationLandscapeRight";
				INFOPLIST_KEY_UISupportedInterfaceOrientations_iPhone = "UIInterfaceOrientationPortrait UIInterfaceOrientationLandscapeLeft UIInterfaceOrientationLandscapeRight";
				LD_RUNPATH_SEARCH_PATHS = (
					"$(inherited)",
					"@executable_path/Frameworks",
				);
				MARKETING_VERSION = 1.0;
				PRODUCT_BUNDLE_IDENTIFIER = ibrahimmbyrrm.DutyPharmacies;
				PRODUCT_NAME = "$(TARGET_NAME)";
				SWIFT_EMIT_LOC_STRINGS = YES;
				SWIFT_OBJC_BRIDGING_HEADER = "DutyPharmacies/DutyPharmacies-Bridging-Header.h";
				SWIFT_VERSION = 5.0;
				TARGETED_DEVICE_FAMILY = "1,2";
			};
			name = Release;
		};
		8093597A29C268260085642E /* Debug */ = {
			isa = XCBuildConfiguration;
			buildSettings = {
				ALWAYS_EMBED_SWIFT_STANDARD_LIBRARIES = YES;
				BUNDLE_LOADER = "$(TEST_HOST)";
				CODE_SIGN_STYLE = Automatic;
				CURRENT_PROJECT_VERSION = 1;
				DEVELOPMENT_TEAM = 936XSD7LYL;
				GENERATE_INFOPLIST_FILE = YES;
				IPHONEOS_DEPLOYMENT_TARGET = 16.2;
				MARKETING_VERSION = 1.0;
				PRODUCT_BUNDLE_IDENTIFIER = ibrahimmbyrrm.DutyPharmaciesTests;
				PRODUCT_NAME = "$(TARGET_NAME)";
				SWIFT_EMIT_LOC_STRINGS = NO;
				SWIFT_VERSION = 5.0;
				TARGETED_DEVICE_FAMILY = "1,2";
				TEST_HOST = "$(BUILT_PRODUCTS_DIR)/DutyPharmacies.app/$(BUNDLE_EXECUTABLE_FOLDER_PATH)/DutyPharmacies";
			};
			name = Debug;
		};
		8093597B29C268260085642E /* Release */ = {
			isa = XCBuildConfiguration;
			buildSettings = {
				ALWAYS_EMBED_SWIFT_STANDARD_LIBRARIES = YES;
				BUNDLE_LOADER = "$(TEST_HOST)";
				CODE_SIGN_STYLE = Automatic;
				CURRENT_PROJECT_VERSION = 1;
				DEVELOPMENT_TEAM = 936XSD7LYL;
				GENERATE_INFOPLIST_FILE = YES;
				IPHONEOS_DEPLOYMENT_TARGET = 16.2;
				MARKETING_VERSION = 1.0;
				PRODUCT_BUNDLE_IDENTIFIER = ibrahimmbyrrm.DutyPharmaciesTests;
				PRODUCT_NAME = "$(TARGET_NAME)";
				SWIFT_EMIT_LOC_STRINGS = NO;
				SWIFT_VERSION = 5.0;
				TARGETED_DEVICE_FAMILY = "1,2";
				TEST_HOST = "$(BUILT_PRODUCTS_DIR)/DutyPharmacies.app/$(BUNDLE_EXECUTABLE_FOLDER_PATH)/DutyPharmacies";
			};
			name = Release;
		};
		8093597D29C268260085642E /* Debug */ = {
			isa = XCBuildConfiguration;
			buildSettings = {
				ALWAYS_EMBED_SWIFT_STANDARD_LIBRARIES = YES;
				CODE_SIGN_STYLE = Automatic;
				CURRENT_PROJECT_VERSION = 1;
				DEVELOPMENT_TEAM = 936XSD7LYL;
				GENERATE_INFOPLIST_FILE = YES;
				MARKETING_VERSION = 1.0;
				PRODUCT_BUNDLE_IDENTIFIER = ibrahimmbyrrm.DutyPharmaciesUITests;
				PRODUCT_NAME = "$(TARGET_NAME)";
				SWIFT_EMIT_LOC_STRINGS = NO;
				SWIFT_VERSION = 5.0;
				TARGETED_DEVICE_FAMILY = "1,2";
				TEST_TARGET_NAME = DutyPharmacies;
			};
			name = Debug;
		};
		8093597E29C268260085642E /* Release */ = {
			isa = XCBuildConfiguration;
			buildSettings = {
				ALWAYS_EMBED_SWIFT_STANDARD_LIBRARIES = YES;
				CODE_SIGN_STYLE = Automatic;
				CURRENT_PROJECT_VERSION = 1;
				DEVELOPMENT_TEAM = 936XSD7LYL;
				GENERATE_INFOPLIST_FILE = YES;
				MARKETING_VERSION = 1.0;
				PRODUCT_BUNDLE_IDENTIFIER = ibrahimmbyrrm.DutyPharmaciesUITests;
				PRODUCT_NAME = "$(TARGET_NAME)";
				SWIFT_EMIT_LOC_STRINGS = NO;
				SWIFT_VERSION = 5.0;
				TARGETED_DEVICE_FAMILY = "1,2";
				TEST_TARGET_NAME = DutyPharmacies;
			};
			name = Release;
		};
/* End XCBuildConfiguration section */

/* Begin XCConfigurationList section */
		8093594729C268250085642E /* Build configuration list for PBXProject "DutyPharmacies" */ = {
			isa = XCConfigurationList;
			buildConfigurations = (
				8093597429C268260085642E /* Debug */,
				8093597529C268260085642E /* Release */,
			);
			defaultConfigurationIsVisible = 0;
			defaultConfigurationName = Release;
		};
		8093597629C268260085642E /* Build configuration list for PBXNativeTarget "DutyPharmacies" */ = {
			isa = XCConfigurationList;
			buildConfigurations = (
				8093597729C268260085642E /* Debug */,
				8093597829C268260085642E /* Release */,
			);
			defaultConfigurationIsVisible = 0;
			defaultConfigurationName = Release;
		};
		8093597929C268260085642E /* Build configuration list for PBXNativeTarget "DutyPharmaciesTests" */ = {
			isa = XCConfigurationList;
			buildConfigurations = (
				8093597A29C268260085642E /* Debug */,
				8093597B29C268260085642E /* Release */,
			);
			defaultConfigurationIsVisible = 0;
			defaultConfigurationName = Release;
		};
		8093597C29C268260085642E /* Build configuration list for PBXNativeTarget "DutyPharmaciesUITests" */ = {
			isa = XCConfigurationList;
			buildConfigurations = (
				8093597D29C268260085642E /* Debug */,
				8093597E29C268260085642E /* Release */,
			);
			defaultConfigurationIsVisible = 0;
			defaultConfigurationName = Release;
		};
/* End XCConfigurationList section */
	};
	rootObject = 8093594429C268250085642E /* Project object */;
}
